{
  "name": "@subsquid/kafka-sink",
  "lockfileVersion": 3,
  "requires": true,
  "packages": {
    "": {
      "name": "@subsquid/kafka-sink",
      "dependencies": {
        "@subsquid/util-internal": "^3.2.0",
        "@subsquid/util-internal-processor-tools": "^4.1.1",
        "@thames/monads": "^0.7.0",
        "fp-ts": "^2.16.8",
        "kafkajs": "^2.2.4",
        "zod": "^3.23.8"
      },
      "peerDependencies": {
        "typescript": "^5.0.0"
      }
    },
    "node_modules/@subsquid/logger": {
      "version": "1.3.3",
      "resolved": "https://registry.npmjs.org/@subsquid/logger/-/logger-1.3.3.tgz",
      "integrity": "sha512-BdoRVIOrIRzKdMZPoJxzJzPLulf5Q09GeLtJn0whP+rhDV5nQ4ANDAzjPg9jmgH9WkMYAr2XH4lny/4PjhQUNA==",
      "dependencies": {
        "@subsquid/util-internal-hex": "^1.2.2",
        "@subsquid/util-internal-json": "^1.2.2",
        "supports-color": "^8.1.1"
      }
    },
    "node_modules/@subsquid/util-internal": {
      "version": "3.2.0",
      "resolved": "https://registry.npmjs.org/@subsquid/util-internal/-/util-internal-3.2.0.tgz",
      "integrity": "sha512-foNCjOmZaP8MKMa9sNe2GXTjFSDM9UqA0I0C0/ZvCxM1lCmG3mxZb70f8Wyi7TePXC/eV8eARbIqFyz0GjQmzA=="
    },
    "node_modules/@subsquid/util-internal-binary-heap": {
      "version": "1.0.0",
      "resolved": "https://registry.npmjs.org/@subsquid/util-internal-binary-heap/-/util-internal-binary-heap-1.0.0.tgz",
      "integrity": "sha512-88auuc8yNFmCZugmJSTYzS7WM/nN2obKGQCgrl8Jty5rJUFbqazGSi8icqftKhv6MPtUMJ3PSTRLiTFXAUGnAA=="
    },
    "node_modules/@subsquid/util-internal-counters": {
      "version": "1.3.2",
      "resolved": "https://registry.npmjs.org/@subsquid/util-internal-counters/-/util-internal-counters-1.3.2.tgz",
      "integrity": "sha512-GxpOIL36JXSo0KdOT7k6CsI4DY804rn/X7pTdfKhych0ReHaDghnwNyvgb7Njv9euEHWUt4MxXbfQ9YrbpPDng=="
    },
    "node_modules/@subsquid/util-internal-hex": {
      "version": "1.2.2",
      "resolved": "https://registry.npmjs.org/@subsquid/util-internal-hex/-/util-internal-hex-1.2.2.tgz",
      "integrity": "sha512-E43HVqf23jP5hvtWF9GsiN8luANjnJ1daR2SVTwaIUAYU/uNjv1Bi6tHz2uexlflBhyxAgBDmHgunXZ45wQTIw=="
    },
    "node_modules/@subsquid/util-internal-http-server": {
      "version": "2.0.0",
      "resolved": "https://registry.npmjs.org/@subsquid/util-internal-http-server/-/util-internal-http-server-2.0.0.tgz",
      "integrity": "sha512-MUAJGMuDjbA3B+KQFZmMkm9FuWVx067pINt+EWuq3fSZqYPr1kRkTCTSJK7uT6Q8omqJtJFRWveyOWlXmixvfg==",
      "dependencies": {
        "@subsquid/logger": "^1.3.3",
        "stoppable": "^1.1.0"
      }
    },
    "node_modules/@subsquid/util-internal-json": {
      "version": "1.2.3",
      "resolved": "https://registry.npmjs.org/@subsquid/util-internal-json/-/util-internal-json-1.2.3.tgz",
      "integrity": "sha512-H5qW5kG20IzVMpb7GhPbVRxGuACEf1DPIXE1+LNXYxt8t/GX4zQREQWHRvCB3lck+RORLJD3WJbQUtxN5UYB3Q==",
      "dependencies": {
        "@subsquid/util-internal-hex": "^1.2.2"
      }
    },
    "node_modules/@subsquid/util-internal-processor-tools": {
      "version": "4.1.1",
      "resolved": "https://registry.npmjs.org/@subsquid/util-internal-processor-tools/-/util-internal-processor-tools-4.1.1.tgz",
      "integrity": "sha512-zzisejusRteAvwjqFDLlFapH9b86E8GdfNswuNWSjASE+VWadJ/PLfrlXFnsbAo4SxPKtqXWEewoK8cjzVjaZA==",
      "dependencies": {
        "@subsquid/logger": "^1.3.3",
        "@subsquid/util-internal": "^3.2.0",
        "@subsquid/util-internal-counters": "^1.3.2",
        "@subsquid/util-internal-prometheus-server": "^1.3.0",
        "@subsquid/util-internal-range": "^0.3.0",
        "@subsquid/util-internal-squid-id": "^0.0.0",
        "prom-client": "^14.2.0"
      }
    },
    "node_modules/@subsquid/util-internal-prometheus-server": {
      "version": "1.3.0",
      "resolved": "https://registry.npmjs.org/@subsquid/util-internal-prometheus-server/-/util-internal-prometheus-server-1.3.0.tgz",
      "integrity": "sha512-E/ch5mxBg1CIGPsuAqUAQ7vVln2oTPm+Rl+0WYweH8JeZ81rD01XAmxhDuZzZnMMMzfZd9W4NlE4mCXbhSY1Ug==",
      "dependencies": {
        "@subsquid/util-internal-http-server": "^2.0.0"
      },
      "peerDependencies": {
        "prom-client": "^14.2.0"
      }
    },
    "node_modules/@subsquid/util-internal-range": {
      "version": "0.3.0",
      "resolved": "https://registry.npmjs.org/@subsquid/util-internal-range/-/util-internal-range-0.3.0.tgz",
      "integrity": "sha512-5/oDNW0TS66o4vWRzYSYXEfNnFRZsAzoi4pZNdPn7n1l+xV7ZTa0Y57XA6cP5hrWCaIYav4z1zECPngLDV/qeQ==",
      "dependencies": {
        "@subsquid/util-internal": "^3.1.0",
        "@subsquid/util-internal-binary-heap": "^1.0.0"
      }
    },
    "node_modules/@subsquid/util-internal-squid-id": {
      "version": "0.0.0",
      "resolved": "https://registry.npmjs.org/@subsquid/util-internal-squid-id/-/util-internal-squid-id-0.0.0.tgz",
      "integrity": "sha512-LyVZIGUbC87r+3VFBRiNOEycxvpkOEEjt5enY02iGl6MneLwq3m17D44xAkwfFj/U+t7GA76eeHIoI2ZkiQKog=="
    },
    "node_modules/@thames/monads": {
      "version": "0.7.0",
      "resolved": "https://registry.npmjs.org/@thames/monads/-/monads-0.7.0.tgz",
      "integrity": "sha512-D9gK5uUdKJEfUESAJPwTdnhgd1odkxiVvcTlQmYeYhgDMlW4w8KcOyqEJ+m2fzxgIga9mk8IbFsy4xXrM5ssrA==",
      "engines": {
        "node": ">=18",
        "npm": ">=8",
        "pnpm": ">=8"
      }
    },
    "node_modules/bintrees": {
      "version": "1.0.2",
      "resolved": "https://registry.npmjs.org/bintrees/-/bintrees-1.0.2.tgz",
      "integrity": "sha512-VOMgTMwjAaUG580SXn3LacVgjurrbMme7ZZNYGSSV7mmtY6QQRh0Eg3pwIcntQ77DErK1L0NxkbetjcoXzVwKw=="
    },
    "node_modules/fp-ts": {
      "version": "2.16.8",
      "resolved": "https://registry.npmjs.org/fp-ts/-/fp-ts-2.16.8.tgz",
      "integrity": "sha512-nmDtNqmMZkOxu0M5hkrS9YA15/KPkYkILb6Axg9XBAoUoYEtzg+LFmVWqZrl9FNttsW0qIUpx9RCA9INbv+Bxw=="
    },
    "node_modules/has-flag": {
      "version": "4.0.0",
      "resolved": "https://registry.npmjs.org/has-flag/-/has-flag-4.0.0.tgz",
      "integrity": "sha512-EykJT/Q1KjTWctppgIAgfSO0tKVuZUjhgMr17kqTumMl6Afv3EISleU7qZUzoXDFTAHTDC4NOoG/ZxU3EvlMPQ==",
      "engines": {
        "node": ">=8"
      }
    },
    "node_modules/kafkajs": {
      "version": "2.2.4",
      "resolved": "https://registry.npmjs.org/kafkajs/-/kafkajs-2.2.4.tgz",
      "integrity": "sha512-j/YeapB1vfPT2iOIUn/vxdyKEuhuY2PxMBvf5JWux6iSaukAccrMtXEY/Lb7OvavDhOWME589bpLrEdnVHjfjA==",
      "engines": {
        "node": ">=14.0.0"
      }
    },
    "node_modules/prom-client": {
      "version": "14.2.0",
      "resolved": "https://registry.npmjs.org/prom-client/-/prom-client-14.2.0.tgz",
      "integrity": "sha512-sF308EhTenb/pDRPakm+WgiN+VdM/T1RaHj1x+MvAuT8UiQP8JmOEbxVqtkbfR4LrvOg5n7ic01kRBDGXjYikA==",
      "dependencies": {
        "tdigest": "^0.1.1"
      },
      "engines": {
        "node": ">=10"
      }
    },
    "node_modules/stoppable": {
      "version": "1.1.0",
      "resolved": "https://registry.npmjs.org/stoppable/-/stoppable-1.1.0.tgz",
      "integrity": "sha512-KXDYZ9dszj6bzvnEMRYvxgeTHU74QBFL54XKtP3nyMuJ81CFYtABZ3bAzL2EdFUaEwJOBOgENyFj3R7oTzDyyw==",
      "engines": {
        "node": ">=4",
        "npm": ">=6"
      }
    },
    "node_modules/supports-color": {
      "version": "8.1.1",
      "resolved": "https://registry.npmjs.org/supports-color/-/supports-color-8.1.1.tgz",
      "integrity": "sha512-MpUEN2OodtUzxvKQl72cUF7RQ5EiHsGvSsVG0ia9c5RbWGL2CI4C7EpPS8UTBIplnlzZiNuV56w+FuNxy3ty2Q==",
      "dependencies": {
        "has-flag": "^4.0.0"
      },
      "engines": {
        "node": ">=10"
      },
      "funding": {
        "url": "https://github.com/chalk/supports-color?sponsor=1"
      }
    },
    "node_modules/tdigest": {
      "version": "0.1.2",
      "resolved": "https://registry.npmjs.org/tdigest/-/tdigest-0.1.2.tgz",
      "integrity": "sha512-+G0LLgjjo9BZX2MfdvPfH+MKLCrxlXSYec5DaPYP1fe6Iyhf0/fSmJ0bFiZ1F8BT6cGXl2LpltQptzjXKWEkKA==",
      "dependencies": {
        "bintrees": "1.0.2"
      }
    },
    "node_modules/typescript": {
      "version": "5.5.3",
      "license": "Apache-2.0",
      "peer": true,
      "bin": {
        "tsc": "bin/tsc",
        "tsserver": "bin/tsserver"
      },
      "engines": {
        "node": ">=14.17"
      }
    },
    "node_modules/zod": {
      "version": "3.23.8",
      "resolved": "https://registry.npmjs.org/zod/-/zod-3.23.8.tgz",
      "integrity": "sha512-XBx9AXhXktjUqnepgTiE5flcKIYWi/rme0Eaj+5Y0lftuGBq+jyRu/md4WnuxqgP1ubdpNCsYEYPxrzVHD8d6g==",
      "funding": {
        "url": "https://github.com/sponsors/colinhacks"
      }
    }
  }
}
